
Microsoft Visual Studio Solution File, Format Version 12.00
# Visual Studio Version 16
VisualStudioVersion = 16.0.30907.101
MinimumVisualStudioVersion = 10.0.40219.1
Project("{9A19103F-16F7-4668-BE54-9A1E7A4F7556}") = "EcommerceApp", "EcommerceApp\EcommerceApp.csproj", "{B957224D-2F05-4C43-9BF9-1C75A75B9D7E}"
EndProject
Project("{9A19103F-16F7-4668-BE54-9A1E7A4F7556}") = "TestBench", "TestBench\TestBench.csproj", "{42E585A7-846F-4832-99AC-AEE1D75A78B2}"
EndProject
Project("{FAE04EC0-301F-11D3-BF4B-00C04F79EFBC}") = "APIHelperFunctions", "APIHelperFunctions\APIHelperFunctions.csproj", "{09E7E742-8871-4A94-95C2-9384B61E92AA}"
EndProject
Global
	GlobalSection(SolutionConfigurationPlatforms) = preSolution
		Debug|Any CPU = Debug|Any CPU
		Release|Any CPU = Release|Any CPU
	EndGlobalSection
	GlobalSection(ProjectConfigurationPlatforms) = postSolution
		{B957224D-2F05-4C43-9BF9-1C75A75B9D7E}.Debug|Any CPU.ActiveCfg = Debug|Any CPU
		{B957224D-2F05-4C43-9BF9-1C75A75B9D7E}.Debug|Any CPU.Build.0 = Debug|Any CPU
		{B957224D-2F05-4C43-9BF9-1C75A75B9D7E}.Release|Any CPU.ActiveCfg = Release|Any CPU
		{B957224D-2F05-4C43-9BF9-1C75A75B9D7E}.Release|Any CPU.Build.0 = Release|Any CPU
		{42E585A7-846F-4832-99AC-AEE1D75A78B2}.Debug|Any CPU.ActiveCfg = Debug|Any CPU
		{42E585A7-846F-4832-99AC-AEE1D75A78B2}.Debug|Any CPU.Build.0 = Debug|Any CPU
		{42E585A7-846F-4832-99AC-AEE1D75A78B2}.Release|Any CPU.ActiveCfg = Release|Any CPU
		{42E585A7-846F-4832-99AC-AEE1D75A78B2}.Release|Any CPU.Build.0 = Release|Any CPU
		{09E7E742-8871-4A94-95C2-9384B61E92AA}.Debug|Any CPU.ActiveCfg = Debug|Any CPU
		{09E7E742-8871-4A94-95C2-9384B61E92AA}.Debug|Any CPU.Build.0 = Debug|Any CPU
		{09E7E742-8871-4A94-95C2-9384B61E92AA}.Release|Any CPU.ActiveCfg = Release|Any CPU
		{09E7E742-8871-4A94-95C2-9384B61E92AA}.Release|Any CPU.Build.0 = Release|Any CPU
	EndGlobalSection
	GlobalSection(SolutionProperties) = preSolution
		HideSolutionNode = FALSE
	EndGlobalSection
	GlobalSection(ExtensibilityGlobals) = postSolution
		SolutionGuid = {C858E216-0F2C-428C-BECF-E1E5C76608E9}
	EndGlobalSection
EndGlobal
