
Microsoft Visual Studio Solution File, Format Version 12.00
# Visual Studio Version 16
VisualStudioVersion = 16.0.30907.101
MinimumVisualStudioVersion = 10.0.40219.1
Project("{FAE04EC0-301F-11D3-BF4B-00C04F79EFBC}") = "EcommerceApp", "EcommerceApp\EcommerceApp.csproj", "{B957224D-2F05-4C43-9BF9-1C75A75B9D7E}"
EndProject
Global
	GlobalSection(SolutionConfigurationPlatforms) = preSolution
		Debug|Any CPU = Debug|Any CPU
		Release|Any CPU = Release|Any CPU
	EndGlobalSection
	GlobalSection(ProjectConfigurationPlatforms) = postSolution
		{B957224D-2F05-4C43-9BF9-1C75A75B9D7E}.Debug|Any CPU.ActiveCfg = Debug|Any CPU
		{B957224D-2F05-4C43-9BF9-1C75A75B9D7E}.Debug|Any CPU.Build.0 = Debug|Any CPU
		{B957224D-2F05-4C43-9BF9-1C75A75B9D7E}.Release|Any CPU.ActiveCfg = Release|Any CPU
		{B957224D-2F05-4C43-9BF9-1C75A75B9D7E}.Release|Any CPU.Build.0 = Release|Any CPU
	EndGlobalSection
	GlobalSection(SolutionProperties) = preSolution
		HideSolutionNode = FALSE
	EndGlobalSection
	GlobalSection(ExtensibilityGlobals) = postSolution
		SolutionGuid = {C858E216-0F2C-428C-BECF-E1E5C76608E9}
	EndGlobalSection
EndGlobal
